// !$*UTF8*$!
{
	archiveVersion = 1;
	classes = {
	};
	objectVersion = 56;
	objects = {

/* Begin PBXBuildFile section */
		6F5FEB7C29789BAD005799CE /* UsersMVVMURLSessionAndGenericsEnvironmentObjectApp.swift in Sources */ = {isa = PBXBuildFile; fileRef = 6F5FEB7B29789BAD005799CE /* UsersMVVMURLSessionAndGenericsEnvironmentObjectApp.swift */; };
		6F5FEB7E29789BAD005799CE /* HomeUserView.swift in Sources */ = {isa = PBXBuildFile; fileRef = 6F5FEB7D29789BAD005799CE /* HomeUserView.swift */; };
		6F5FEB8029789BAF005799CE /* Assets.xcassets in Resources */ = {isa = PBXBuildFile; fileRef = 6F5FEB7F29789BAF005799CE /* Assets.xcassets */; };
		6F5FEB8329789BAF005799CE /* Preview Assets.xcassets in Resources */ = {isa = PBXBuildFile; fileRef = 6F5FEB8229789BAF005799CE /* Preview Assets.xcassets */; };
		6F5FEB8D2978A3BF005799CE /* UserModel.swift in Sources */ = {isa = PBXBuildFile; fileRef = 6F5FEB8C2978A3BF005799CE /* UserModel.swift */; };
		6F5FEB902978B14B005799CE /* UserViewModel.swift in Sources */ = {isa = PBXBuildFile; fileRef = 6F5FEB8F2978B14B005799CE /* UserViewModel.swift */; };
		6F5FEB932978D8C5005799CE /* UserRepository.swift in Sources */ = {isa = PBXBuildFile; fileRef = 6F5FEB922978D8C5005799CE /* UserRepository.swift */; };
		6F5FEB952978D8D0005799CE /* UserDatasource.swift in Sources */ = {isa = PBXBuildFile; fileRef = 6F5FEB942978D8D0005799CE /* UserDatasource.swift */; };
		6F5FEB982978E2F6005799CE /* NetworkError.swift in Sources */ = {isa = PBXBuildFile; fileRef = 6F5FEB972978E2F6005799CE /* NetworkError.swift */; };
		6F5FEB9C297A0970005799CE /* UpdateUserView.swift in Sources */ = {isa = PBXBuildFile; fileRef = 6F5FEB9B297A0970005799CE /* UpdateUserView.swift */; };
		6F5FEBA0297BF94D005799CE /* APIOptions.swift in Sources */ = {isa = PBXBuildFile; fileRef = 6F5FEB9F297BF94D005799CE /* APIOptions.swift */; };
		6F5FEBA2297BFA1C005799CE /* APIRequest.swift in Sources */ = {isa = PBXBuildFile; fileRef = 6F5FEBA1297BFA1C005799CE /* APIRequest.swift */; };
		6F5FEBA4297C0D10005799CE /* APIAssembleRequest.swift in Sources */ = {isa = PBXBuildFile; fileRef = 6F5FEBA3297C0D10005799CE /* APIAssembleRequest.swift */; };
		6F5FEBA6297EDE72005799CE /* ServerConstant.swift in Sources */ = {isa = PBXBuildFile; fileRef = 6F5FEBA5297EDE72005799CE /* ServerConstant.swift */; };
		6F5FEBA8297EE5A0005799CE /* RequestGenerator.swift in Sources */ = {isa = PBXBuildFile; fileRef = 6F5FEBA7297EE5A0005799CE /* RequestGenerator.swift */; };
		6F5FEBAA297EFFC2005799CE /* RequestHandler.swift in Sources */ = {isa = PBXBuildFile; fileRef = 6F5FEBA9297EFFC2005799CE /* RequestHandler.swift */; };
		6F5FEBAC297F0B49005799CE /* ResponseHandler.swift in Sources */ = {isa = PBXBuildFile; fileRef = 6F5FEBAB297F0B49005799CE /* ResponseHandler.swift */; };
		6F5FEBB42982DACF005799CE /* UsersMVVMURLSessionAndGenericsEnvironmentObjectTests.swift in Sources */ = {isa = PBXBuildFile; fileRef = 6F5FEBB32982DACF005799CE /* UsersMVVMURLSessionAndGenericsEnvironmentObjectTests.swift */; };
/* End PBXBuildFile section */

/* Begin PBXContainerItemProxy section */
		6F5FEBB52982DACF005799CE /* PBXContainerItemProxy */ = {
			isa = PBXContainerItemProxy;
			containerPortal = 6F5FEB7029789BAD005799CE /* Project object */;
			proxyType = 1;
			remoteGlobalIDString = 6F5FEB7729789BAD005799CE;
			remoteInfo = UsersMVVMURLSessionAndGenericsEnvironmentObject;
		};
/* End PBXContainerItemProxy section */

/* Begin PBXFileReference section */
		6F5FEB7829789BAD005799CE /* UsersMVVMURLSessionAndGenericsEnvironmentObject.app */ = {isa = PBXFileReference; explicitFileType = wrapper.application; includeInIndex = 0; path = UsersMVVMURLSessionAndGenericsEnvironmentObject.app; sourceTree = BUILT_PRODUCTS_DIR; };
		6F5FEB7B29789BAD005799CE /* UsersMVVMURLSessionAndGenericsEnvironmentObjectApp.swift */ = {isa = PBXFileReference; lastKnownFileType = sourcecode.swift; path = UsersMVVMURLSessionAndGenericsEnvironmentObjectApp.swift; sourceTree = "<group>"; };
		6F5FEB7D29789BAD005799CE /* HomeUserView.swift */ = {isa = PBXFileReference; lastKnownFileType = sourcecode.swift; path = HomeUserView.swift; sourceTree = "<group>"; };
		6F5FEB7F29789BAF005799CE /* Assets.xcassets */ = {isa = PBXFileReference; lastKnownFileType = folder.assetcatalog; path = Assets.xcassets; sourceTree = "<group>"; };
		6F5FEB8229789BAF005799CE /* Preview Assets.xcassets */ = {isa = PBXFileReference; lastKnownFileType = folder.assetcatalog; path = "Preview Assets.xcassets"; sourceTree = "<group>"; };
		6F5FEB8C2978A3BF005799CE /* UserModel.swift */ = {isa = PBXFileReference; lastKnownFileType = sourcecode.swift; path = UserModel.swift; sourceTree = "<group>"; };
		6F5FEB8F2978B14B005799CE /* UserViewModel.swift */ = {isa = PBXFileReference; lastKnownFileType = sourcecode.swift; path = UserViewModel.swift; sourceTree = "<group>"; };
		6F5FEB922978D8C5005799CE /* UserRepository.swift */ = {isa = PBXFileReference; lastKnownFileType = sourcecode.swift; path = UserRepository.swift; sourceTree = "<group>"; };
		6F5FEB942978D8D0005799CE /* UserDatasource.swift */ = {isa = PBXFileReference; lastKnownFileType = sourcecode.swift; path = UserDatasource.swift; sourceTree = "<group>"; };
		6F5FEB972978E2F6005799CE /* NetworkError.swift */ = {isa = PBXFileReference; lastKnownFileType = sourcecode.swift; path = NetworkError.swift; sourceTree = "<group>"; };
		6F5FEB9B297A0970005799CE /* UpdateUserView.swift */ = {isa = PBXFileReference; lastKnownFileType = sourcecode.swift; path = UpdateUserView.swift; sourceTree = "<group>"; };
		6F5FEB9F297BF94D005799CE /* APIOptions.swift */ = {isa = PBXFileReference; lastKnownFileType = sourcecode.swift; path = APIOptions.swift; sourceTree = "<group>"; };
		6F5FEBA1297BFA1C005799CE /* APIRequest.swift */ = {isa = PBXFileReference; lastKnownFileType = sourcecode.swift; path = APIRequest.swift; sourceTree = "<group>"; };
		6F5FEBA3297C0D10005799CE /* APIAssembleRequest.swift */ = {isa = PBXFileReference; lastKnownFileType = sourcecode.swift; path = APIAssembleRequest.swift; sourceTree = "<group>"; };
		6F5FEBA5297EDE72005799CE /* ServerConstant.swift */ = {isa = PBXFileReference; lastKnownFileType = sourcecode.swift; path = ServerConstant.swift; sourceTree = "<group>"; };
		6F5FEBA7297EE5A0005799CE /* RequestGenerator.swift */ = {isa = PBXFileReference; lastKnownFileType = sourcecode.swift; path = RequestGenerator.swift; sourceTree = "<group>"; };
		6F5FEBA9297EFFC2005799CE /* RequestHandler.swift */ = {isa = PBXFileReference; lastKnownFileType = sourcecode.swift; path = RequestHandler.swift; sourceTree = "<group>"; };
		6F5FEBAB297F0B49005799CE /* ResponseHandler.swift */ = {isa = PBXFileReference; lastKnownFileType = sourcecode.swift; path = ResponseHandler.swift; sourceTree = "<group>"; };
		6F5FEBB12982DACF005799CE /* UsersMVVMURLSessionAndGenericsEnvironmentObjectTests.xctest */ = {isa = PBXFileReference; explicitFileType = wrapper.cfbundle; includeInIndex = 0; path = UsersMVVMURLSessionAndGenericsEnvironmentObjectTests.xctest; sourceTree = BUILT_PRODUCTS_DIR; };
		6F5FEBB32982DACF005799CE /* UsersMVVMURLSessionAndGenericsEnvironmentObjectTests.swift */ = {isa = PBXFileReference; lastKnownFileType = sourcecode.swift; path = UsersMVVMURLSessionAndGenericsEnvironmentObjectTests.swift; sourceTree = "<group>"; };
/* End PBXFileReference section */

/* Begin PBXFrameworksBuildPhase section */
		6F5FEB7529789BAD005799CE /* Frameworks */ = {
			isa = PBXFrameworksBuildPhase;
			buildActionMask = 2147483647;
			files = (
			);
			runOnlyForDeploymentPostprocessing = 0;
		};
		6F5FEBAE2982DACF005799CE /* Frameworks */ = {
			isa = PBXFrameworksBuildPhase;
			buildActionMask = 2147483647;
			files = (
			);
			runOnlyForDeploymentPostprocessing = 0;
		};
/* End PBXFrameworksBuildPhase section */

/* Begin PBXGroup section */
		6F5FEB6F29789BAD005799CE = {
			isa = PBXGroup;
			children = (
				6F5FEB7A29789BAD005799CE /* UsersMVVMURLSessionAndGenericsEnvironmentObject */,
				6F5FEBB22982DACF005799CE /* UsersMVVMURLSessionAndGenericsEnvironmentObjectTests */,
				6F5FEB7929789BAD005799CE /* Products */,
			);
			sourceTree = "<group>";
		};
		6F5FEB7929789BAD005799CE /* Products */ = {
			isa = PBXGroup;
			children = (
				6F5FEB7829789BAD005799CE /* UsersMVVMURLSessionAndGenericsEnvironmentObject.app */,
				6F5FEBB12982DACF005799CE /* UsersMVVMURLSessionAndGenericsEnvironmentObjectTests.xctest */,
			);
			name = Products;
			sourceTree = "<group>";
		};
		6F5FEB7A29789BAD005799CE /* UsersMVVMURLSessionAndGenericsEnvironmentObject */ = {
			isa = PBXGroup;
			children = (
				6F5FEB8B29789E17005799CE /* Models */,
				6F5FEB8E2978AE36005799CE /* ViewModels */,
				6F5FEB8A29789D92005799CE /* Views */,
				6F5FEB962978E2B3005799CE /* Network */,
				6F5FEB8929789D26005799CE /* Resources */,
				6F5FEB8129789BAF005799CE /* Preview Content */,
			);
			path = UsersMVVMURLSessionAndGenericsEnvironmentObject;
			sourceTree = "<group>";
		};
		6F5FEB8129789BAF005799CE /* Preview Content */ = {
			isa = PBXGroup;
			children = (
				6F5FEB8229789BAF005799CE /* Preview Assets.xcassets */,
			);
			path = "Preview Content";
			sourceTree = "<group>";
		};
		6F5FEB8929789D26005799CE /* Resources */ = {
			isa = PBXGroup;
			children = (
				6F5FEB7B29789BAD005799CE /* UsersMVVMURLSessionAndGenericsEnvironmentObjectApp.swift */,
				6F5FEB7F29789BAF005799CE /* Assets.xcassets */,
			);
			path = Resources;
			sourceTree = "<group>";
		};
		6F5FEB8A29789D92005799CE /* Views */ = {
			isa = PBXGroup;
			children = (
				6F5FEB7D29789BAD005799CE /* HomeUserView.swift */,
				6F5FEB9B297A0970005799CE /* UpdateUserView.swift */,
			);
			path = Views;
			sourceTree = "<group>";
		};
		6F5FEB8B29789E17005799CE /* Models */ = {
			isa = PBXGroup;
			children = (
				6F5FEB8C2978A3BF005799CE /* UserModel.swift */,
			);
			path = Models;
			sourceTree = "<group>";
		};
		6F5FEB8E2978AE36005799CE /* ViewModels */ = {
			isa = PBXGroup;
			children = (
				6F5FEB912978D8A5005799CE /* Users */,
			);
			path = ViewModels;
			sourceTree = "<group>";
		};
		6F5FEB912978D8A5005799CE /* Users */ = {
			isa = PBXGroup;
			children = (
				6F5FEB8F2978B14B005799CE /* UserViewModel.swift */,
				6F5FEB922978D8C5005799CE /* UserRepository.swift */,
				6F5FEB942978D8D0005799CE /* UserDatasource.swift */,
			);
			path = Users;
			sourceTree = "<group>";
		};
		6F5FEB962978E2B3005799CE /* Network */ = {
			isa = PBXGroup;
			children = (
				6F5FEB9F297BF94D005799CE /* APIOptions.swift */,
				6F5FEBA1297BFA1C005799CE /* APIRequest.swift */,
				6F5FEBA3297C0D10005799CE /* APIAssembleRequest.swift */,
				6F5FEBA9297EFFC2005799CE /* RequestHandler.swift */,
				6F5FEBAB297F0B49005799CE /* ResponseHandler.swift */,
				6F5FEB972978E2F6005799CE /* NetworkError.swift */,
				6F5FEBA5297EDE72005799CE /* ServerConstant.swift */,
				6F5FEBA7297EE5A0005799CE /* RequestGenerator.swift */,
			);
			path = Network;
			sourceTree = "<group>";
		};
		6F5FEBB22982DACF005799CE /* UsersMVVMURLSessionAndGenericsEnvironmentObjectTests */ = {
			isa = PBXGroup;
			children = (
				6F5FEBB32982DACF005799CE /* UsersMVVMURLSessionAndGenericsEnvironmentObjectTests.swift */,
			);
			path = UsersMVVMURLSessionAndGenericsEnvironmentObjectTests;
			sourceTree = "<group>";
		};
/* End PBXGroup section */

/* Begin PBXNativeTarget section */
		6F5FEB7729789BAD005799CE /* UsersMVVMURLSessionAndGenericsEnvironmentObject */ = {
			isa = PBXNativeTarget;
			buildConfigurationList = 6F5FEB8629789BAF005799CE /* Build configuration list for PBXNativeTarget "UsersMVVMURLSessionAndGenericsEnvironmentObject" */;
			buildPhases = (
				6F5FEB7429789BAD005799CE /* Sources */,
				6F5FEB7529789BAD005799CE /* Frameworks */,
				6F5FEB7629789BAD005799CE /* Resources */,
			);
			buildRules = (
			);
			dependencies = (
			);
			name = UsersMVVMURLSessionAndGenericsEnvironmentObject;
			productName = UsersMVVMURLSessionAndGenericsEnvironmentObject;
			productReference = 6F5FEB7829789BAD005799CE /* UsersMVVMURLSessionAndGenericsEnvironmentObject.app */;
			productType = "com.apple.product-type.application";
		};
		6F5FEBB02982DACF005799CE /* UsersMVVMURLSessionAndGenericsEnvironmentObjectTests */ = {
			isa = PBXNativeTarget;
			buildConfigurationList = 6F5FEBB72982DAD0005799CE /* Build configuration list for PBXNativeTarget "UsersMVVMURLSessionAndGenericsEnvironmentObjectTests" */;
			buildPhases = (
				6F5FEBAD2982DACF005799CE /* Sources */,
				6F5FEBAE2982DACF005799CE /* Frameworks */,
				6F5FEBAF2982DACF005799CE /* Resources */,
			);
			buildRules = (
			);
			dependencies = (
				6F5FEBB62982DACF005799CE /* PBXTargetDependency */,
			);
			name = UsersMVVMURLSessionAndGenericsEnvironmentObjectTests;
			productName = UsersMVVMURLSessionAndGenericsEnvironmentObjectTests;
			productReference = 6F5FEBB12982DACF005799CE /* UsersMVVMURLSessionAndGenericsEnvironmentObjectTests.xctest */;
			productType = "com.apple.product-type.bundle.unit-test";
		};
/* End PBXNativeTarget section */

/* Begin PBXProject section */
		6F5FEB7029789BAD005799CE /* Project object */ = {
			isa = PBXProject;
			attributes = {
				BuildIndependentTargetsInParallel = 1;
				LastSwiftUpdateCheck = 1420;
				LastUpgradeCheck = 1420;
				TargetAttributes = {
					6F5FEB7729789BAD005799CE = {
						CreatedOnToolsVersion = 14.2;
					};
					6F5FEBB02982DACF005799CE = {
						CreatedOnToolsVersion = 14.2;
						TestTargetID = 6F5FEB7729789BAD005799CE;
					};
				};
			};
			buildConfigurationList = 6F5FEB7329789BAD005799CE /* Build configuration list for PBXProject "UsersMVVMURLSessionAndGenericsEnvironmentObject" */;
			compatibilityVersion = "Xcode 14.0";
			developmentRegion = en;
			hasScannedForEncodings = 0;
			knownRegions = (
				en,
				Base,
			);
			mainGroup = 6F5FEB6F29789BAD005799CE;
			productRefGroup = 6F5FEB7929789BAD005799CE /* Products */;
			projectDirPath = "";
			projectRoot = "";
			targets = (
				6F5FEB7729789BAD005799CE /* UsersMVVMURLSessionAndGenericsEnvironmentObject */,
				6F5FEBB02982DACF005799CE /* UsersMVVMURLSessionAndGenericsEnvironmentObjectTests */,
			);
		};
/* End PBXProject section */

/* Begin PBXResourcesBuildPhase section */
		6F5FEB7629789BAD005799CE /* Resources */ = {
			isa = PBXResourcesBuildPhase;
			buildActionMask = 2147483647;
			files = (
				6F5FEB8329789BAF005799CE /* Preview Assets.xcassets in Resources */,
				6F5FEB8029789BAF005799CE /* Assets.xcassets in Resources */,
			);
			runOnlyForDeploymentPostprocessing = 0;
		};
		6F5FEBAF2982DACF005799CE /* Resources */ = {
			isa = PBXResourcesBuildPhase;
			buildActionMask = 2147483647;
			files = (
			);
			runOnlyForDeploymentPostprocessing = 0;
		};
/* End PBXResourcesBuildPhase section */

/* Begin PBXSourcesBuildPhase section */
		6F5FEB7429789BAD005799CE /* Sources */ = {
			isa = PBXSourcesBuildPhase;
			buildActionMask = 2147483647;
			files = (
				6F5FEB7E29789BAD005799CE /* HomeUserView.swift in Sources */,
				6F5FEBA4297C0D10005799CE /* APIAssembleRequest.swift in Sources */,
				6F5FEB982978E2F6005799CE /* NetworkError.swift in Sources */,
				6F5FEBA0297BF94D005799CE /* APIOptions.swift in Sources */,
				6F5FEB952978D8D0005799CE /* UserDatasource.swift in Sources */,
				6F5FEBA8297EE5A0005799CE /* RequestGenerator.swift in Sources */,
				6F5FEB902978B14B005799CE /* UserViewModel.swift in Sources */,
				6F5FEBAA297EFFC2005799CE /* RequestHandler.swift in Sources */,
				6F5FEB9C297A0970005799CE /* UpdateUserView.swift in Sources */,
				6F5FEBA2297BFA1C005799CE /* APIRequest.swift in Sources */,
				6F5FEB8D2978A3BF005799CE /* UserModel.swift in Sources */,
				6F5FEB932978D8C5005799CE /* UserRepository.swift in Sources */,
				6F5FEBAC297F0B49005799CE /* ResponseHandler.swift in Sources */,
				6F5FEBA6297EDE72005799CE /* ServerConstant.swift in Sources */,
				6F5FEB7C29789BAD005799CE /* UsersMVVMURLSessionAndGenericsEnvironmentObjectApp.swift in Sources */,
			);
			runOnlyForDeploymentPostprocessing = 0;
		};
		6F5FEBAD2982DACF005799CE /* Sources */ = {
			isa = PBXSourcesBuildPhase;
			buildActionMask = 2147483647;
			files = (
				6F5FEBB42982DACF005799CE /* UsersMVVMURLSessionAndGenericsEnvironmentObjectTests.swift in Sources */,
			);
			runOnlyForDeploymentPostprocessing = 0;
		};
/* End PBXSourcesBuildPhase section */

/* Begin PBXTargetDependency section */
		6F5FEBB62982DACF005799CE /* PBXTargetDependency */ = {
			isa = PBXTargetDependency;
			target = 6F5FEB7729789BAD005799CE /* UsersMVVMURLSessionAndGenericsEnvironmentObject */;
			targetProxy = 6F5FEBB52982DACF005799CE /* PBXContainerItemProxy */;
		};
/* End PBXTargetDependency section */

/* Begin XCBuildConfiguration section */
		6F5FEB8429789BAF005799CE /* Development */ = {
			isa = XCBuildConfiguration;
			buildSettings = {
				ALWAYS_SEARCH_USER_PATHS = NO;
				CLANG_ANALYZER_NONNULL = YES;
				CLANG_ANALYZER_NUMBER_OBJECT_CONVERSION = YES_AGGRESSIVE;
				CLANG_CXX_LANGUAGE_STANDARD = "gnu++20";
				CLANG_ENABLE_MODULES = YES;
				CLANG_ENABLE_OBJC_ARC = YES;
				CLANG_ENABLE_OBJC_WEAK = YES;
				CLANG_WARN_BLOCK_CAPTURE_AUTORELEASING = YES;
				CLANG_WARN_BOOL_CONVERSION = YES;
				CLANG_WARN_COMMA = YES;
				CLANG_WARN_CONSTANT_CONVERSION = YES;
				CLANG_WARN_DEPRECATED_OBJC_IMPLEMENTATIONS = YES;
				CLANG_WARN_DIRECT_OBJC_ISA_USAGE = YES_ERROR;
				CLANG_WARN_DOCUMENTATION_COMMENTS = YES;
				CLANG_WARN_EMPTY_BODY = YES;
				CLANG_WARN_ENUM_CONVERSION = YES;
				CLANG_WARN_INFINITE_RECURSION = YES;
				CLANG_WARN_INT_CONVERSION = YES;
				CLANG_WARN_NON_LITERAL_NULL_CONVERSION = YES;
				CLANG_WARN_OBJC_IMPLICIT_RETAIN_SELF = YES;
				CLANG_WARN_OBJC_LITERAL_CONVERSION = YES;
				CLANG_WARN_OBJC_ROOT_CLASS = YES_ERROR;
				CLANG_WARN_QUOTED_INCLUDE_IN_FRAMEWORK_HEADER = YES;
				CLANG_WARN_RANGE_LOOP_ANALYSIS = YES;
				CLANG_WARN_STRICT_PROTOTYPES = YES;
				CLANG_WARN_SUSPICIOUS_MOVE = YES;
				CLANG_WARN_UNGUARDED_AVAILABILITY = YES_AGGRESSIVE;
				CLANG_WARN_UNREACHABLE_CODE = YES;
				CLANG_WARN__DUPLICATE_METHOD_MATCH = YES;
				COPY_PHASE_STRIP = NO;
				DEBUG_INFORMATION_FORMAT = dwarf;
				ENABLE_STRICT_OBJC_MSGSEND = YES;
				ENABLE_TESTABILITY = YES;
				GCC_C_LANGUAGE_STANDARD = gnu11;
				GCC_DYNAMIC_NO_PIC = NO;
				GCC_NO_COMMON_BLOCKS = YES;
				GCC_OPTIMIZATION_LEVEL = 0;
				GCC_PREPROCESSOR_DEFINITIONS = (
					"DEBUG=1",
					"$(inherited)",
				);
				GCC_WARN_64_TO_32_BIT_CONVERSION = YES;
				GCC_WARN_ABOUT_RETURN_TYPE = YES_ERROR;
				GCC_WARN_UNDECLARED_SELECTOR = YES;
				GCC_WARN_UNINITIALIZED_AUTOS = YES_AGGRESSIVE;
				GCC_WARN_UNUSED_FUNCTION = YES;
				GCC_WARN_UNUSED_VARIABLE = YES;
				IPHONEOS_DEPLOYMENT_TARGET = 16.2;
				MTL_ENABLE_DEBUG_INFO = INCLUDE_SOURCE;
				MTL_FAST_MATH = YES;
				ONLY_ACTIVE_ARCH = YES;
				SDKROOT = iphoneos;
				SWIFT_ACTIVE_COMPILATION_CONDITIONS = DEVELOPMENT;
				SWIFT_OPTIMIZATION_LEVEL = "-Onone";
			};
			name = Development;
		};
		6F5FEB8529789BAF005799CE /* Release */ = {
			isa = XCBuildConfiguration;
			buildSettings = {
				ALWAYS_SEARCH_USER_PATHS = NO;
				CLANG_ANALYZER_NONNULL = YES;
				CLANG_ANALYZER_NUMBER_OBJECT_CONVERSION = YES_AGGRESSIVE;
				CLANG_CXX_LANGUAGE_STANDARD = "gnu++20";
				CLANG_ENABLE_MODULES = YES;
				CLANG_ENABLE_OBJC_ARC = YES;
				CLANG_ENABLE_OBJC_WEAK = YES;
				CLANG_WARN_BLOCK_CAPTURE_AUTORELEASING = YES;
				CLANG_WARN_BOOL_CONVERSION = YES;
				CLANG_WARN_COMMA = YES;
				CLANG_WARN_CONSTANT_CONVERSION = YES;
				CLANG_WARN_DEPRECATED_OBJC_IMPLEMENTATIONS = YES;
				CLANG_WARN_DIRECT_OBJC_ISA_USAGE = YES_ERROR;
				CLANG_WARN_DOCUMENTATION_COMMENTS = YES;
				CLANG_WARN_EMPTY_BODY = YES;
				CLANG_WARN_ENUM_CONVERSION = YES;
				CLANG_WARN_INFINITE_RECURSION = YES;
				CLANG_WARN_INT_CONVERSION = YES;
				CLANG_WARN_NON_LITERAL_NULL_CONVERSION = YES;
				CLANG_WARN_OBJC_IMPLICIT_RETAIN_SELF = YES;
				CLANG_WARN_OBJC_LITERAL_CONVERSION = YES;
				CLANG_WARN_OBJC_ROOT_CLASS = YES_ERROR;
				CLANG_WARN_QUOTED_INCLUDE_IN_FRAMEWORK_HEADER = YES;
				CLANG_WARN_RANGE_LOOP_ANALYSIS = YES;
				CLANG_WARN_STRICT_PROTOTYPES = YES;
				CLANG_WARN_SUSPICIOUS_MOVE = YES;
				CLANG_WARN_UNGUARDED_AVAILABILITY = YES_AGGRESSIVE;
				CLANG_WARN_UNREACHABLE_CODE = YES;
				CLANG_WARN__DUPLICATE_METHOD_MATCH = YES;
				COPY_PHASE_STRIP = NO;
				DEBUG_INFORMATION_FORMAT = "dwarf-with-dsym";
				ENABLE_NS_ASSERTIONS = NO;
				ENABLE_STRICT_OBJC_MSGSEND = YES;
				GCC_C_LANGUAGE_STANDARD = gnu11;
				GCC_NO_COMMON_BLOCKS = YES;
				GCC_WARN_64_TO_32_BIT_CONVERSION = YES;
				GCC_WARN_ABOUT_RETURN_TYPE = YES_ERROR;
				GCC_WARN_UNDECLARED_SELECTOR = YES;
				GCC_WARN_UNINITIALIZED_AUTOS = YES_AGGRESSIVE;
				GCC_WARN_UNUSED_FUNCTION = YES;
				GCC_WARN_UNUSED_VARIABLE = YES;
				IPHONEOS_DEPLOYMENT_TARGET = 16.2;
				MTL_ENABLE_DEBUG_INFO = NO;
				MTL_FAST_MATH = YES;
				SDKROOT = iphoneos;
				SWIFT_ACTIVE_COMPILATION_CONDITIONS = RELEASE;
				SWIFT_COMPILATION_MODE = wholemodule;
				SWIFT_OPTIMIZATION_LEVEL = "-O";
				VALIDATE_PRODUCT = YES;
			};
			name = Release;
		};
		6F5FEB8729789BAF005799CE /* Development */ = {
			isa = XCBuildConfiguration;
			buildSettings = {
				ASSETCATALOG_COMPILER_APPICON_NAME = AppIcon;
				ASSETCATALOG_COMPILER_GLOBAL_ACCENT_COLOR_NAME = AccentColor;
				CODE_SIGN_STYLE = Automatic;
				CURRENT_PROJECT_VERSION = 1;
				DEVELOPMENT_ASSET_PATHS = "\"UsersMVVMURLSessionAndGenericsEnvironmentObject/Preview Content\"";
				DEVELOPMENT_TEAM = L37459GV4H;
				ENABLE_PREVIEWS = YES;
				GENERATE_INFOPLIST_FILE = YES;
				INFOPLIST_KEY_UIApplicationSceneManifest_Generation = YES;
				INFOPLIST_KEY_UIApplicationSupportsIndirectInputEvents = YES;
				INFOPLIST_KEY_UILaunchScreen_Generation = YES;
				INFOPLIST_KEY_UISupportedInterfaceOrientations_iPad = "UIInterfaceOrientationPortrait UIInterfaceOrientationPortraitUpsideDown UIInterfaceOrientationLandscapeLeft UIInterfaceOrientationLandscapeRight";
				INFOPLIST_KEY_UISupportedInterfaceOrientations_iPhone = "UIInterfaceOrientationPortrait UIInterfaceOrientationLandscapeLeft UIInterfaceOrientationLandscapeRight";
				LD_RUNPATH_SEARCH_PATHS = (
					"$(inherited)",
					"@executable_path/Frameworks",
				);
				MARKETING_VERSION = 1.0;
				PRODUCT_BUNDLE_IDENTIFIER = com.rgr.UsersMVVMURLSessionAndGenericsEnvironmentObject;
				PRODUCT_NAME = "$(TARGET_NAME)";
				SWIFT_EMIT_LOC_STRINGS = YES;
				SWIFT_VERSION = 5.0;
				TARGETED_DEVICE_FAMILY = "1,2";
			};
			name = Development;
		};
		6F5FEB8829789BAF005799CE /* Release */ = {
			isa = XCBuildConfiguration;
			buildSettings = {
				ASSETCATALOG_COMPILER_APPICON_NAME = AppIcon;
				ASSETCATALOG_COMPILER_GLOBAL_ACCENT_COLOR_NAME = AccentColor;
				CODE_SIGN_STYLE = Automatic;
				CURRENT_PROJECT_VERSION = 1;
				DEVELOPMENT_ASSET_PATHS = "\"UsersMVVMURLSessionAndGenericsEnvironmentObject/Preview Content\"";
				DEVELOPMENT_TEAM = L37459GV4H;
				ENABLE_PREVIEWS = YES;
				GENERATE_INFOPLIST_FILE = YES;
				INFOPLIST_KEY_UIApplicationSceneManifest_Generation = YES;
				INFOPLIST_KEY_UIApplicationSupportsIndirectInputEvents = YES;
				INFOPLIST_KEY_UILaunchScreen_Generation = YES;
				INFOPLIST_KEY_UISupportedInterfaceOrientations_iPad = "UIInterfaceOrientationPortrait UIInterfaceOrientationPortraitUpsideDown UIInterfaceOrientationLandscapeLeft UIInterfaceOrientationLandscapeRight";
				INFOPLIST_KEY_UISupportedInterfaceOrientations_iPhone = "UIInterfaceOrientationPortrait UIInterfaceOrientationLandscapeLeft UIInterfaceOrientationLandscapeRight";
				LD_RUNPATH_SEARCH_PATHS = (
					"$(inherited)",
					"@executable_path/Frameworks",
				);
				MARKETING_VERSION = 1.0;
				PRODUCT_BUNDLE_IDENTIFIER = com.rgr.UsersMVVMURLSessionAndGenericsEnvironmentObject;
				PRODUCT_NAME = "$(TARGET_NAME)";
				SWIFT_EMIT_LOC_STRINGS = YES;
				SWIFT_VERSION = 5.0;
				TARGETED_DEVICE_FAMILY = "1,2";
			};
			name = Release;
		};
		6F5FEBB82982DAD0005799CE /* Development */ = {
			isa = XCBuildConfiguration;
			buildSettings = {
				ALWAYS_SEARCH_USER_PATHS = NO;
				BUNDLE_LOADER = "$(TEST_HOST)";
				CLANG_ANALYZER_NONNULL = YES;
				CLANG_ANALYZER_NUMBER_OBJECT_CONVERSION = YES_AGGRESSIVE;
				CLANG_CXX_LANGUAGE_STANDARD = "gnu++20";
				CLANG_ENABLE_MODULES = YES;
				CLANG_ENABLE_OBJC_ARC = YES;
				CLANG_ENABLE_OBJC_WEAK = YES;
				CLANG_WARN_BLOCK_CAPTURE_AUTORELEASING = YES;
				CLANG_WARN_BOOL_CONVERSION = YES;
				CLANG_WARN_COMMA = YES;
				CLANG_WARN_CONSTANT_CONVERSION = YES;
				CLANG_WARN_DEPRECATED_OBJC_IMPLEMENTATIONS = YES;
				CLANG_WARN_DIRECT_OBJC_ISA_USAGE = YES_ERROR;
				CLANG_WARN_DOCUMENTATION_COMMENTS = YES;
				CLANG_WARN_EMPTY_BODY = YES;
				CLANG_WARN_ENUM_CONVERSION = YES;
				CLANG_WARN_INFINITE_RECURSION = YES;
				CLANG_WARN_INT_CONVERSION = YES;
				CLANG_WARN_NON_LITERAL_NULL_CONVERSION = YES;
				CLANG_WARN_OBJC_IMPLICIT_RETAIN_SELF = YES;
				CLANG_WARN_OBJC_LITERAL_CONVERSION = YES;
				CLANG_WARN_OBJC_ROOT_CLASS = YES_ERROR;
				CLANG_WARN_QUOTED_INCLUDE_IN_FRAMEWORK_HEADER = YES;
				CLANG_WARN_RANGE_LOOP_ANALYSIS = YES;
				CLANG_WARN_STRICT_PROTOTYPES = YES;
				CLANG_WARN_SUSPICIOUS_MOVE = YES;
				CLANG_WARN_UNGUARDED_AVAILABILITY = YES_AGGRESSIVE;
				CLANG_WARN_UNREACHABLE_CODE = YES;
				CLANG_WARN__DUPLICATE_METHOD_MATCH = YES;
				CODE_SIGN_STYLE = Automatic;
				COPY_PHASE_STRIP = NO;
				CURRENT_PROJECT_VERSION = 1;
				DEBUG_INFORMATION_FORMAT = dwarf;
				DEVELOPMENT_TEAM = L37459GV4H;
				ENABLE_STRICT_OBJC_MSGSEND = YES;
				ENABLE_TESTABILITY = YES;
				GCC_C_LANGUAGE_STANDARD = gnu11;
				GCC_DYNAMIC_NO_PIC = NO;
				GCC_NO_COMMON_BLOCKS = YES;
				GCC_OPTIMIZATION_LEVEL = 0;
				GCC_PREPROCESSOR_DEFINITIONS = (
					"DEBUG=1",
					"$(inherited)",
				);
				GCC_WARN_64_TO_32_BIT_CONVERSION = YES;
				GCC_WARN_ABOUT_RETURN_TYPE = YES_ERROR;
				GCC_WARN_UNDECLARED_SELECTOR = YES;
				GCC_WARN_UNINITIALIZED_AUTOS = YES_AGGRESSIVE;
				GCC_WARN_UNUSED_FUNCTION = YES;
				GCC_WARN_UNUSED_VARIABLE = YES;
				GENERATE_INFOPLIST_FILE = YES;
				IPHONEOS_DEPLOYMENT_TARGET = 16.2;
				MARKETING_VERSION = 1.0;
				MTL_ENABLE_DEBUG_INFO = INCLUDE_SOURCE;
				MTL_FAST_MATH = YES;
				ONLY_ACTIVE_ARCH = YES;
				PRODUCT_BUNDLE_IDENTIFIER = com.rgr.UsersMVVMURLSessionAndGenericsEnvironmentObjectTests;
				PRODUCT_NAME = "$(TARGET_NAME)";
				SDKROOT = iphoneos;
				SWIFT_ACTIVE_COMPILATION_CONDITIONS = DEBUG;
				SWIFT_EMIT_LOC_STRINGS = NO;
				SWIFT_OPTIMIZATION_LEVEL = "-Onone";
				SWIFT_VERSION = 5.0;
				TARGETED_DEVICE_FAMILY = "1,2";
				TEST_HOST = "$(BUILT_PRODUCTS_DIR)/UsersMVVMURLSessionAndGenericsEnvironmentObject.app/$(BUNDLE_EXECUTABLE_FOLDER_PATH)/UsersMVVMURLSessionAndGenericsEnvironmentObject";
			};
			name = Development;
		};
		6F5FEBB92982DAD0005799CE /* Release */ = {
			isa = XCBuildConfiguration;
			buildSettings = {
				BUNDLE_LOADER = "$(TEST_HOST)";
				CODE_SIGN_STYLE = Automatic;
				CURRENT_PROJECT_VERSION = 1;
				DEVELOPMENT_TEAM = L37459GV4H;
				GENERATE_INFOPLIST_FILE = YES;
				MARKETING_VERSION = 1.0;
				PRODUCT_BUNDLE_IDENTIFIER = com.rgr.UsersMVVMURLSessionAndGenericsEnvironmentObjectTests;
				PRODUCT_NAME = "$(TARGET_NAME)";
				SWIFT_EMIT_LOC_STRINGS = NO;
				SWIFT_VERSION = 5.0;
				TARGETED_DEVICE_FAMILY = "1,2";
				TEST_HOST = "$(BUILT_PRODUCTS_DIR)/UsersMVVMURLSessionAndGenericsEnvironmentObject.app/$(BUNDLE_EXECUTABLE_FOLDER_PATH)/UsersMVVMURLSessionAndGenericsEnvironmentObject";
			};
			name = Release;
		};
/* End XCBuildConfiguration section */

/* Begin XCConfigurationList section */
		6F5FEB7329789BAD005799CE /* Build configuration list for PBXProject "UsersMVVMURLSessionAndGenericsEnvironmentObject" */ = {
			isa = XCConfigurationList;
			buildConfigurations = (
				6F5FEB8429789BAF005799CE /* Development */,
				6F5FEB8529789BAF005799CE /* Release */,
			);
			defaultConfigurationIsVisible = 0;
			defaultConfigurationName = Development;
		};
		6F5FEB8629789BAF005799CE /* Build configuration list for PBXNativeTarget "UsersMVVMURLSessionAndGenericsEnvironmentObject" */ = {
			isa = XCConfigurationList;
			buildConfigurations = (
				6F5FEB8729789BAF005799CE /* Development */,
				6F5FEB8829789BAF005799CE /* Release */,
			);
			defaultConfigurationIsVisible = 0;
			defaultConfigurationName = Development;
		};
		6F5FEBB72982DAD0005799CE /* Build configuration list for PBXNativeTarget "UsersMVVMURLSessionAndGenericsEnvironmentObjectTests" */ = {
			isa = XCConfigurationList;
			buildConfigurations = (
				6F5FEBB82982DAD0005799CE /* Development */,
				6F5FEBB92982DAD0005799CE /* Release */,
			);
			defaultConfigurationIsVisible = 0;
			defaultConfigurationName = Development;
		};
/* End XCConfigurationList section */
	};
	rootObject = 6F5FEB7029789BAD005799CE /* Project object */;
}
